{
    "_readme": [
        "This file locks the dependencies of your project to a known state",
        "Read more about it at https://getcomposer.org/doc/01-basic-usage.md#composer-lock-the-lock-file",
        "This file is @generated automatically"
    ],
    "hash": "c36143c128b156561b7705614376cffb",
    "content-hash": "52ea38397af410a011b7f33c22e36a72",
    "packages": [
        {
            "name": "au/au_subgroups",
            "version": "2.0.0",
            "source": {
                "type": "git",
                "url": "https://github.com/AU-Landing-Project/au_subgroups.git",
                "reference": "542aaf599e418b495484939436c5ffc174571900"
            },
            "dist": {
                "type": "zip",
                "url": "https://api.github.com/repos/AU-Landing-Project/au_subgroups/zipball/542aaf599e418b495484939436c5ffc174571900",
                "reference": "542aaf599e418b495484939436c5ffc174571900",
                "shasum": ""
            },
            "require": {
                "composer/installers": ">=1.0.8"
            },
            "type": "elgg-plugin",
            "notification-url": "https://packagist.org/downloads/",
            "license": [
                "GPL-2.0"
            ],
            "authors": [
                {
                    "name": "Matt Beckett"
                }
            ],
            "description": "Allows creation of groups within groups",
            "homepage": "https://github.com/AU-Landing-Project/au_subgroups",
            "keywords": [
                "elgg",
                "plugin",
                "subgroups"
            ],
            "time": "2015-09-16 04:51:12"
        },
        {
            "name": "beck24/elgg_recaptcha",
            "version": "1.1.1",
            "source": {
                "type": "git",
                "url": "https://github.com/beck24/elgg_recaptcha.git",
                "reference": "5830ce8536ac58666e81866285d10b7cb5d05acb"
            },
            "dist": {
                "type": "zip",
                "url": "https://api.github.com/repos/beck24/elgg_recaptcha/zipball/5830ce8536ac58666e81866285d10b7cb5d05acb",
                "reference": "5830ce8536ac58666e81866285d10b7cb5d05acb",
                "shasum": ""
            },
            "require": {
                "composer/installers": ">=1.0.8",
                "google/recaptcha": "~1.1",
                "php": ">=5.4"
            },
            "type": "elgg-plugin",
            "notification-url": "https://packagist.org/downloads/",
            "license": [
                "GPL-2.0"
            ],
            "authors": [
                {
                    "name": "Matt Beckett"
                }
            ],
            "description": "Provides recaptcha protection for forms",
            "homepage": "https://github.com/beck24/elgg_recaptcha",
            "keywords": [
                "captcha",
                "elgg",
                "plugin",
                "recaptcha",
                "spam"
            ],
            "time": "2016-01-14 23:06:39"
        },
        {
            "name": "beck24/spam_login_filter",
            "version": "2.1.1",
            "source": {
                "type": "git",
                "url": "https://github.com/beck24/spam_login_filter.git",
                "reference": "db32622db17a70fe9ea39f93fc42616a49111007"
            },
            "dist": {
                "type": "zip",
                "url": "https://api.github.com/repos/beck24/spam_login_filter/zipball/db32622db17a70fe9ea39f93fc42616a49111007",
                "reference": "db32622db17a70fe9ea39f93fc42616a49111007",
                "shasum": ""
            },
            "require": {
                "composer/installers": ">=1.0.8"
            },
            "type": "elgg-plugin",
            "notification-url": "https://packagist.org/downloads/",
            "license": [
                "GPL-2.0"
            ],
            "authors": [
                {
                    "name": "Matt Beckett"
                }
            ],
            "description": "Elgg plugin that validates login against blacklist databases.",
            "homepage": "https://github.com/beck24/spam_login_filter",
            "keywords": [
                "analyzer",
                "elgg",
                "plugin",
                "spam"
            ],
            "time": "2015-12-18 09:45:11"
        },
        {
            "name": "blackleg/threads",
            "version": "1.8.3",
            "source": {
                "type": "git",
                "url": "https://github.com/blackleg/threads.git",
                "reference": "0072f49aa4a629a6665ec110b0b0c11b97c99e72"
            },
            "dist": {
                "type": "zip",
                "url": "https://api.github.com/repos/blackleg/threads/zipball/0072f49aa4a629a6665ec110b0b0c11b97c99e72",
                "reference": "0072f49aa4a629a6665ec110b0b0c11b97c99e72",
                "shasum": ""
            },
            "require": {
                "composer/installers": "^1.0.8"
            },
            "type": "elgg-plugin",
            "notification-url": "https://packagist.org/downloads/",
            "license": [
                "GPL-2.0"
            ],
            "description": "Allow threaded discussions into group forums.",
            "homepage": "http://www.blackleg.es",
            "keywords": [
                "elgg",
                "plugin"
            ],
            "time": "2016-12-10 21:07:40"
        },
        {
            "name": "coldtrick/file_tools",
            "version": "v2.0",
            "source": {
                "type": "git",
                "url": "https://github.com/ColdTrick/file_tools.git",
                "reference": "880ab2c4dd424261adc3b382390cc16a0fa7df5a"
            },
            "dist": {
                "type": "zip",
                "url": "https://api.github.com/repos/ColdTrick/file_tools/zipball/880ab2c4dd424261adc3b382390cc16a0fa7df5a",
                "reference": "880ab2c4dd424261adc3b382390cc16a0fa7df5a",
                "shasum": ""
            },
            "require": {
                "composer/installers": "^1.0.8"
            },
            "type": "elgg-plugin",
            "notification-url": "https://packagist.org/downloads/",
            "license": [
                "GPL-2.0"
            ],
            "description": "Extend the functionality of the core file plugin",
            "homepage": "https://community.elgg.org/plugins/874513",
            "keywords": [
                "elgg",
                "plugin",
                "tools"
            ],
            "time": "2015-07-08 09:57:35"
        },
        {
            "name": "composer/installers",
            "version": "v1.2.0",
            "source": {
                "type": "git",
                "url": "https://github.com/composer/installers.git",
                "reference": "d78064c68299743e0161004f2de3a0204e33b804"
            },
            "dist": {
                "type": "zip",
                "url": "https://api.github.com/repos/composer/installers/zipball/d78064c68299743e0161004f2de3a0204e33b804",
                "reference": "d78064c68299743e0161004f2de3a0204e33b804",
                "shasum": ""
            },
            "require": {
                "composer-plugin-api": "^1.0"
            },
            "replace": {
                "roundcube/plugin-installer": "*",
                "shama/baton": "*"
            },
            "require-dev": {
                "composer/composer": "1.0.*@dev",
                "phpunit/phpunit": "4.1.*"
            },
            "type": "composer-plugin",
            "extra": {
                "class": "Composer\\Installers\\Plugin",
                "branch-alias": {
                    "dev-master": "1.0-dev"
                }
            },
            "autoload": {
                "psr-4": {
                    "Composer\\Installers\\": "src/Composer/Installers"
                }
            },
            "notification-url": "https://packagist.org/downloads/",
            "license": [
                "MIT"
            ],
            "authors": [
                {
                    "name": "Kyle Robinson Young",
                    "email": "kyle@dontkry.com",
                    "homepage": "https://github.com/shama"
                }
            ],
            "description": "A multi-framework Composer library installer",
            "homepage": "https://composer.github.io/installers/",
            "keywords": [
                "Craft",
                "Dolibarr",
                "Hurad",
                "ImageCMS",
                "MODX Evo",
                "Mautic",
                "OXID",
                "Plentymarkets",
                "RadPHP",
                "SMF",
                "Thelia",
                "WolfCMS",
                "agl",
                "aimeos",
                "annotatecms",
                "attogram",
                "bitrix",
                "cakephp",
                "chef",
                "cockpit",
                "codeigniter",
                "concrete5",
                "croogo",
                "dokuwiki",
                "drupal",
                "elgg",
                "expressionengine",
                "fuelphp",
                "grav",
                "installer",
                "joomla",
                "kohana",
                "laravel",
                "lithium",
                "magento",
                "mako",
                "mediawiki",
                "modulework",
                "moodle",
                "phpbb",
                "piwik",
                "ppi",
                "puppet",
                "reindex",
                "roundcube",
                "shopware",
                "silverstripe",
                "symfony",
                "typo3",
                "wordpress",
                "yawik",
                "zend",
                "zikula"
            ],
            "time": "2016-08-13 20:53:52"
        },
        {
            "name": "elgg/mentions",
            "version": "dev-master",
            "source": {
                "type": "git",
                "url": "https://github.com/Elgg/mentions.git",
                "reference": "53d08418f64d02eb1f7dedc4aceaa0293866fb46"
            },
            "dist": {
                "type": "zip",
                "url": "https://api.github.com/repos/Elgg/mentions/zipball/53d08418f64d02eb1f7dedc4aceaa0293866fb46",
                "reference": "53d08418f64d02eb1f7dedc4aceaa0293866fb46",
                "shasum": ""
            },
            "require": {
                "composer/installers": ">=1.0.8"
            },
            "type": "elgg-plugin",
            "notification-url": "https://packagist.org/downloads/",
            "license": [
                "GPL-2.0"
            ],
            "time": "2016-07-17 19:21:26"
        },
        {
            "name": "google/recaptcha",
            "version": "1.1.2",
            "source": {
                "type": "git",
                "url": "https://github.com/google/recaptcha.git",
                "reference": "2b7e00566afca82a38a1d3adb8e42c118006296e"
            },
            "dist": {
                "type": "zip",
                "url": "https://api.github.com/repos/google/recaptcha/zipball/2b7e00566afca82a38a1d3adb8e42c118006296e",
                "reference": "2b7e00566afca82a38a1d3adb8e42c118006296e",
                "shasum": ""
            },
            "require": {
                "php": ">=5.3.2"
            },
            "require-dev": {
                "phpunit/phpunit": "4.5.*"
            },
            "type": "library",
            "extra": {
                "branch-alias": {
                    "dev-master": "1.1.x-dev"
                }
            },
            "autoload": {
                "psr-4": {
                    "ReCaptcha\\": "src/ReCaptcha"
                }
            },
            "notification-url": "https://packagist.org/downloads/",
            "license": [
                "BSD-3-Clause"
            ],
            "description": "Client library for reCAPTCHA, a free service that protect websites from spam and abuse.",
            "homepage": "http://www.google.com/recaptcha/",
            "keywords": [
                "Abuse",
                "captcha",
                "recaptcha",
                "spam"
            ],
            "time": "2015-09-02 17:23:59"
        }
    ],
    "packages-dev": [],
    "aliases": [],
    "minimum-stability": "stable",
    "stability-flags": {
        "elgg/mentions": 20
    },
    "prefer-stable": false,
    "prefer-lowest": false,
    "platform": {
        "php": ">=5.2"
    },
    "platform-dev": []
}
